{
  "name": "hyper-plugins",
  "version": "0.0.1",
  "lockfileVersion": 1,
  "dependencies": {
    "hyper-dracula": {
      "version": "0.1.6",
      "resolved": "https://registry.npmjs.org/hyper-dracula/-/hyper-dracula-0.1.6.tgz",
      "integrity": "sha1-gJwNOTvon8Zf2M70/BbCdKr3CLo="
    },
    "hyper-statusline": {
      "version": "1.6.9",
      "resolved": "https://registry.npmjs.org/hyper-statusline/-/hyper-statusline-1.6.9.tgz",
      "integrity": "sha1-QZyvPEZLcfiWhp38COS9GKZlEMo="
    },
    "hypercwd": {
      "version": "0.1.7",
      "resolved": "https://registry.npmjs.org/hypercwd/-/hypercwd-0.1.7.tgz",
      "integrity": "sha1-MIs48yAvAoQ+23ZimXt5mIvLZv4="
    },
    "hyperterm-close-on-left": {
      "version": "1.0.1",
      "resolved": "https://registry.npmjs.org/hyperterm-close-on-left/-/hyperterm-close-on-left-1.0.1.tgz",
      "integrity": "sha1-+ABIV38YBs6m/nFZ1U6Vsxr4wqo="
    },
    "hyperterm-paste": {
      "version": "1.1.0",
      "resolved": "https://registry.npmjs.org/hyperterm-paste/-/hyperterm-paste-1.1.0.tgz",
      "integrity": "sha1-htLijAJAjTTbf93M8qOUMpNe6Vg="
    },
    "os-homedir": {
      "version": "1.0.2",
      "resolved": "https://registry.npmjs.org/os-homedir/-/os-homedir-1.0.2.tgz",
      "integrity": "sha1-/7xJiDNuDoM94MFox+8VISGqf7M="
    },
    "tildify": {
      "version": "1.2.0",
      "resolved": "https://registry.npmjs.org/tildify/-/tildify-1.2.0.tgz",
      "integrity": "sha1-3OwD9V3Km3qj5bBPIYF+tW5jWIo="
    }
  }
}
